
Microsoft Visual Studio Solution File, Format Version 10.00
# Visual Studio 2008
Project("{FAE04EC0-301F-11D3-BF4B-00C04F79EFBC}") = "ch.ph.AmazonUI", "ch.ph.AmazonUI.csproj", "{286F081E-F0B8-40F3-AEAE-F42B0A8E853B}"
EndProject
Project("{FAE04EC0-301F-11D3-BF4B-00C04F79EFBC}") = "ch.ph.AmazonWS", "..\ch.ph.AmazonWS\ch.ph.AmazonWS.csproj", "{7F458793-0A39-4DE4-8947-E00589F3F96C}"
EndProject
Global
	GlobalSection(SolutionConfigurationPlatforms) = preSolution
		Debug|Any CPU = Debug|Any CPU
		Release|Any CPU = Release|Any CPU
	EndGlobalSection
	GlobalSection(ProjectConfigurationPlatforms) = postSolution
		{286F081E-F0B8-40F3-AEAE-F42B0A8E853B}.Debug|Any CPU.ActiveCfg = Debug|Any CPU
		{286F081E-F0B8-40F3-AEAE-F42B0A8E853B}.Debug|Any CPU.Build.0 = Debug|Any CPU
		{286F081E-F0B8-40F3-AEAE-F42B0A8E853B}.Release|Any CPU.ActiveCfg = Release|Any CPU
		{286F081E-F0B8-40F3-AEAE-F42B0A8E853B}.Release|Any CPU.Build.0 = Release|Any CPU
		{7F458793-0A39-4DE4-8947-E00589F3F96C}.Debug|Any CPU.ActiveCfg = Debug|Any CPU
		{7F458793-0A39-4DE4-8947-E00589F3F96C}.Debug|Any CPU.Build.0 = Debug|Any CPU
		{7F458793-0A39-4DE4-8947-E00589F3F96C}.Release|Any CPU.ActiveCfg = Release|Any CPU
		{7F458793-0A39-4DE4-8947-E00589F3F96C}.Release|Any CPU.Build.0 = Release|Any CPU
	EndGlobalSection
	GlobalSection(SolutionProperties) = preSolution
		HideSolutionNode = FALSE
	EndGlobalSection
EndGlobal
